
Microsoft Visual Studio Solution File, Format Version 12.00
# Visual Studio 15
VisualStudioVersion = 15.0.26730.15
MinimumVisualStudioVersion = 10.0.40219.1
Project("{FAE04EC0-301F-11D3-BF4B-00C04F79EFBC}") = "Lab07iOS", "Lab07iOS\Lab07iOS.csproj", "{27998B2F-3107-4434-8835-F0DA027B456E}"
EndProject
Project("{FAE04EC0-301F-11D3-BF4B-00C04F79EFBC}") = "Lab07Android", "Lab07Android\Lab07Android.csproj", "{3AA1CE4A-2FC8-4133-80AE-65EAA7744919}"
EndProject
Project("{9A19103F-16F7-4668-BE54-9A1E7A4F7556}") = "Lab07Model", "Lab07Model\Lab07Model.csproj", "{9DC77BFE-2731-49DD-B76E-CB6DA5E7C204}"
EndProject
Global
	GlobalSection(SolutionConfigurationPlatforms) = preSolution
		Ad-Hoc|Any CPU = Ad-Hoc|Any CPU
		Ad-Hoc|iPhone = Ad-Hoc|iPhone
		Ad-Hoc|iPhoneSimulator = Ad-Hoc|iPhoneSimulator
		AppStore|Any CPU = AppStore|Any CPU
		AppStore|iPhone = AppStore|iPhone
		AppStore|iPhoneSimulator = AppStore|iPhoneSimulator
		Debug|Any CPU = Debug|Any CPU
		Debug|iPhone = Debug|iPhone
		Debug|iPhoneSimulator = Debug|iPhoneSimulator
		Release|Any CPU = Release|Any CPU
		Release|iPhone = Release|iPhone
		Release|iPhoneSimulator = Release|iPhoneSimulator
	EndGlobalSection
	GlobalSection(ProjectConfigurationPlatforms) = postSolution
		{27998B2F-3107-4434-8835-F0DA027B456E}.Ad-Hoc|Any CPU.ActiveCfg = Ad-Hoc|iPhoneSimulator
		{27998B2F-3107-4434-8835-F0DA027B456E}.Ad-Hoc|iPhone.ActiveCfg = Ad-Hoc|iPhone
		{27998B2F-3107-4434-8835-F0DA027B456E}.Ad-Hoc|iPhone.Build.0 = Ad-Hoc|iPhone
		{27998B2F-3107-4434-8835-F0DA027B456E}.Ad-Hoc|iPhoneSimulator.ActiveCfg = Ad-Hoc|iPhoneSimulator
		{27998B2F-3107-4434-8835-F0DA027B456E}.Ad-Hoc|iPhoneSimulator.Build.0 = Ad-Hoc|iPhoneSimulator
		{27998B2F-3107-4434-8835-F0DA027B456E}.AppStore|Any CPU.ActiveCfg = AppStore|iPhoneSimulator
		{27998B2F-3107-4434-8835-F0DA027B456E}.AppStore|iPhone.ActiveCfg = AppStore|iPhone
		{27998B2F-3107-4434-8835-F0DA027B456E}.AppStore|iPhone.Build.0 = AppStore|iPhone
		{27998B2F-3107-4434-8835-F0DA027B456E}.AppStore|iPhoneSimulator.ActiveCfg = AppStore|iPhoneSimulator
		{27998B2F-3107-4434-8835-F0DA027B456E}.AppStore|iPhoneSimulator.Build.0 = AppStore|iPhoneSimulator
		{27998B2F-3107-4434-8835-F0DA027B456E}.Debug|Any CPU.ActiveCfg = Debug|iPhoneSimulator
		{27998B2F-3107-4434-8835-F0DA027B456E}.Debug|Any CPU.Build.0 = Debug|iPhoneSimulator
		{27998B2F-3107-4434-8835-F0DA027B456E}.Debug|iPhone.ActiveCfg = Debug|iPhone
		{27998B2F-3107-4434-8835-F0DA027B456E}.Debug|iPhone.Build.0 = Debug|iPhone
		{27998B2F-3107-4434-8835-F0DA027B456E}.Debug|iPhoneSimulator.ActiveCfg = Debug|iPhoneSimulator
		{27998B2F-3107-4434-8835-F0DA027B456E}.Debug|iPhoneSimulator.Build.0 = Debug|iPhoneSimulator
		{27998B2F-3107-4434-8835-F0DA027B456E}.Release|Any CPU.ActiveCfg = Release|iPhoneSimulator
		{27998B2F-3107-4434-8835-F0DA027B456E}.Release|iPhone.ActiveCfg = Release|iPhone
		{27998B2F-3107-4434-8835-F0DA027B456E}.Release|iPhone.Build.0 = Release|iPhone
		{27998B2F-3107-4434-8835-F0DA027B456E}.Release|iPhoneSimulator.ActiveCfg = Release|iPhoneSimulator
		{27998B2F-3107-4434-8835-F0DA027B456E}.Release|iPhoneSimulator.Build.0 = Release|iPhoneSimulator
		{3AA1CE4A-2FC8-4133-80AE-65EAA7744919}.Ad-Hoc|Any CPU.ActiveCfg = Release|Any CPU
		{3AA1CE4A-2FC8-4133-80AE-65EAA7744919}.Ad-Hoc|Any CPU.Build.0 = Release|Any CPU
		{3AA1CE4A-2FC8-4133-80AE-65EAA7744919}.Ad-Hoc|Any CPU.Deploy.0 = Release|Any CPU
		{3AA1CE4A-2FC8-4133-80AE-65EAA7744919}.Ad-Hoc|iPhone.ActiveCfg = Release|Any CPU
		{3AA1CE4A-2FC8-4133-80AE-65EAA7744919}.Ad-Hoc|iPhone.Build.0 = Release|Any CPU
		{3AA1CE4A-2FC8-4133-80AE-65EAA7744919}.Ad-Hoc|iPhone.Deploy.0 = Release|Any CPU
		{3AA1CE4A-2FC8-4133-80AE-65EAA7744919}.Ad-Hoc|iPhoneSimulator.ActiveCfg = Release|Any CPU
		{3AA1CE4A-2FC8-4133-80AE-65EAA7744919}.Ad-Hoc|iPhoneSimulator.Build.0 = Release|Any CPU
		{3AA1CE4A-2FC8-4133-80AE-65EAA7744919}.Ad-Hoc|iPhoneSimulator.Deploy.0 = Release|Any CPU
		{3AA1CE4A-2FC8-4133-80AE-65EAA7744919}.AppStore|Any CPU.ActiveCfg = Release|Any CPU
		{3AA1CE4A-2FC8-4133-80AE-65EAA7744919}.AppStore|Any CPU.Build.0 = Release|Any CPU
		{3AA1CE4A-2FC8-4133-80AE-65EAA7744919}.AppStore|Any CPU.Deploy.0 = Release|Any CPU
		{3AA1CE4A-2FC8-4133-80AE-65EAA7744919}.AppStore|iPhone.ActiveCfg = Release|Any CPU
		{3AA1CE4A-2FC8-4133-80AE-65EAA7744919}.AppStore|iPhone.Build.0 = Release|Any CPU
		{3AA1CE4A-2FC8-4133-80AE-65EAA7744919}.AppStore|iPhone.Deploy.0 = Release|Any CPU
		{3AA1CE4A-2FC8-4133-80AE-65EAA7744919}.AppStore|iPhoneSimulator.ActiveCfg = Release|Any CPU
		{3AA1CE4A-2FC8-4133-80AE-65EAA7744919}.AppStore|iPhoneSimulator.Build.0 = Release|Any CPU
		{3AA1CE4A-2FC8-4133-80AE-65EAA7744919}.AppStore|iPhoneSimulator.Deploy.0 = Release|Any CPU
		{3AA1CE4A-2FC8-4133-80AE-65EAA7744919}.Debug|Any CPU.ActiveCfg = Debug|Any CPU
		{3AA1CE4A-2FC8-4133-80AE-65EAA7744919}.Debug|Any CPU.Deploy.0 = Debug|Any CPU
		{3AA1CE4A-2FC8-4133-80AE-65EAA7744919}.Debug|iPhone.ActiveCfg = Debug|Any CPU
		{3AA1CE4A-2FC8-4133-80AE-65EAA7744919}.Debug|iPhone.Build.0 = Debug|Any CPU
		{3AA1CE4A-2FC8-4133-80AE-65EAA7744919}.Debug|iPhone.Deploy.0 = Debug|Any CPU
		{3AA1CE4A-2FC8-4133-80AE-65EAA7744919}.Debug|iPhoneSimulator.ActiveCfg = Debug|Any CPU
		{3AA1CE4A-2FC8-4133-80AE-65EAA7744919}.Debug|iPhoneSimulator.Build.0 = Debug|Any CPU
		{3AA1CE4A-2FC8-4133-80AE-65EAA7744919}.Debug|iPhoneSimulator.Deploy.0 = Debug|Any CPU
		{3AA1CE4A-2FC8-4133-80AE-65EAA7744919}.Release|Any CPU.ActiveCfg = Release|Any CPU
		{3AA1CE4A-2FC8-4133-80AE-65EAA7744919}.Release|Any CPU.Build.0 = Release|Any CPU
		{3AA1CE4A-2FC8-4133-80AE-65EAA7744919}.Release|Any CPU.Deploy.0 = Release|Any CPU
		{3AA1CE4A-2FC8-4133-80AE-65EAA7744919}.Release|iPhone.ActiveCfg = Release|Any CPU
		{3AA1CE4A-2FC8-4133-80AE-65EAA7744919}.Release|iPhone.Build.0 = Release|Any CPU
		{3AA1CE4A-2FC8-4133-80AE-65EAA7744919}.Release|iPhone.Deploy.0 = Release|Any CPU
		{3AA1CE4A-2FC8-4133-80AE-65EAA7744919}.Release|iPhoneSimulator.ActiveCfg = Release|Any CPU
		{3AA1CE4A-2FC8-4133-80AE-65EAA7744919}.Release|iPhoneSimulator.Build.0 = Release|Any CPU
		{3AA1CE4A-2FC8-4133-80AE-65EAA7744919}.Release|iPhoneSimulator.Deploy.0 = Release|Any CPU
		{9DC77BFE-2731-49DD-B76E-CB6DA5E7C204}.Ad-Hoc|Any CPU.ActiveCfg = Debug|Any CPU
		{9DC77BFE-2731-49DD-B76E-CB6DA5E7C204}.Ad-Hoc|Any CPU.Build.0 = Debug|Any CPU
		{9DC77BFE-2731-49DD-B76E-CB6DA5E7C204}.Ad-Hoc|iPhone.ActiveCfg = Debug|Any CPU
		{9DC77BFE-2731-49DD-B76E-CB6DA5E7C204}.Ad-Hoc|iPhone.Build.0 = Debug|Any CPU
		{9DC77BFE-2731-49DD-B76E-CB6DA5E7C204}.Ad-Hoc|iPhoneSimulator.ActiveCfg = Debug|Any CPU
		{9DC77BFE-2731-49DD-B76E-CB6DA5E7C204}.Ad-Hoc|iPhoneSimulator.Build.0 = Debug|Any CPU
		{9DC77BFE-2731-49DD-B76E-CB6DA5E7C204}.AppStore|Any CPU.ActiveCfg = Debug|Any CPU
		{9DC77BFE-2731-49DD-B76E-CB6DA5E7C204}.AppStore|Any CPU.Build.0 = Debug|Any CPU
		{9DC77BFE-2731-49DD-B76E-CB6DA5E7C204}.AppStore|iPhone.ActiveCfg = Debug|Any CPU
		{9DC77BFE-2731-49DD-B76E-CB6DA5E7C204}.AppStore|iPhone.Build.0 = Debug|Any CPU
		{9DC77BFE-2731-49DD-B76E-CB6DA5E7C204}.AppStore|iPhoneSimulator.ActiveCfg = Debug|Any CPU
		{9DC77BFE-2731-49DD-B76E-CB6DA5E7C204}.AppStore|iPhoneSimulator.Build.0 = Debug|Any CPU
		{9DC77BFE-2731-49DD-B76E-CB6DA5E7C204}.Debug|Any CPU.ActiveCfg = Debug|Any CPU
		{9DC77BFE-2731-49DD-B76E-CB6DA5E7C204}.Debug|Any CPU.Build.0 = Debug|Any CPU
		{9DC77BFE-2731-49DD-B76E-CB6DA5E7C204}.Debug|iPhone.ActiveCfg = Debug|Any CPU
		{9DC77BFE-2731-49DD-B76E-CB6DA5E7C204}.Debug|iPhone.Build.0 = Debug|Any CPU
		{9DC77BFE-2731-49DD-B76E-CB6DA5E7C204}.Debug|iPhoneSimulator.ActiveCfg = Debug|Any CPU
		{9DC77BFE-2731-49DD-B76E-CB6DA5E7C204}.Debug|iPhoneSimulator.Build.0 = Debug|Any CPU
		{9DC77BFE-2731-49DD-B76E-CB6DA5E7C204}.Release|Any CPU.ActiveCfg = Release|Any CPU
		{9DC77BFE-2731-49DD-B76E-CB6DA5E7C204}.Release|Any CPU.Build.0 = Release|Any CPU
		{9DC77BFE-2731-49DD-B76E-CB6DA5E7C204}.Release|iPhone.ActiveCfg = Release|Any CPU
		{9DC77BFE-2731-49DD-B76E-CB6DA5E7C204}.Release|iPhone.Build.0 = Release|Any CPU
		{9DC77BFE-2731-49DD-B76E-CB6DA5E7C204}.Release|iPhoneSimulator.ActiveCfg = Release|Any CPU
		{9DC77BFE-2731-49DD-B76E-CB6DA5E7C204}.Release|iPhoneSimulator.Build.0 = Release|Any CPU
	EndGlobalSection
	GlobalSection(SolutionProperties) = preSolution
		HideSolutionNode = FALSE
	EndGlobalSection
	GlobalSection(ExtensibilityGlobals) = postSolution
		SolutionGuid = {62F1F4AB-C471-4BBB-8B29-BBB72A119F45}
	EndGlobalSection
EndGlobal
